
Microsoft Visual Studio Solution File, Format Version 12.00
# Visual Studio 2012
Project("{FAE04EC0-301F-11D3-BF4B-00C04F79EFBC}") = "login", "login\login.csproj", "{A8F4FA66-655B-40A0-ADF8-E941D0D9D302}"
EndProject
Global
	GlobalSection(SolutionConfigurationPlatforms) = preSolution
		Debug|Any CPU = Debug|Any CPU
		Release|Any CPU = Release|Any CPU
	EndGlobalSection
	GlobalSection(ProjectConfigurationPlatforms) = postSolution
		{A8F4FA66-655B-40A0-ADF8-E941D0D9D302}.Debug|Any CPU.ActiveCfg = Debug|Any CPU
		{A8F4FA66-655B-40A0-ADF8-E941D0D9D302}.Debug|Any CPU.Build.0 = Debug|Any CPU
		{A8F4FA66-655B-40A0-ADF8-E941D0D9D302}.Release|Any CPU.ActiveCfg = Release|Any CPU
		{A8F4FA66-655B-40A0-ADF8-E941D0D9D302}.Release|Any CPU.Build.0 = Release|Any CPU
	EndGlobalSection
EndGlobal
